
Microsoft Visual Studio Solution File, Format Version 12.00
# Visual Studio 14
VisualStudioVersion = 14.0.23107.0
MinimumVisualStudioVersion = 10.0.40219.1
Project("{FAE04EC0-301F-11D3-BF4B-00C04F79EFBC}") = "ProbA", "ProbA\ProbA.csproj", "{606128CC-AD24-4B86-81C7-A18D781FC789}"
EndProject
Project("{FAE04EC0-301F-11D3-BF4B-00C04F79EFBC}") = "ProbB", "ProbB\ProbB.csproj", "{00D1CF4C-1B99-4E18-A32A-7A68FD151AE3}"
EndProject
Global
	GlobalSection(SolutionConfigurationPlatforms) = preSolution
		Debug|Any CPU = Debug|Any CPU
		Release|Any CPU = Release|Any CPU
	EndGlobalSection
	GlobalSection(ProjectConfigurationPlatforms) = postSolution
		{606128CC-AD24-4B86-81C7-A18D781FC789}.Debug|Any CPU.ActiveCfg = Debug|Any CPU
		{606128CC-AD24-4B86-81C7-A18D781FC789}.Debug|Any CPU.Build.0 = Debug|Any CPU
		{606128CC-AD24-4B86-81C7-A18D781FC789}.Release|Any CPU.ActiveCfg = Release|Any CPU
		{606128CC-AD24-4B86-81C7-A18D781FC789}.Release|Any CPU.Build.0 = Release|Any CPU
		{00D1CF4C-1B99-4E18-A32A-7A68FD151AE3}.Debug|Any CPU.ActiveCfg = Debug|Any CPU
		{00D1CF4C-1B99-4E18-A32A-7A68FD151AE3}.Debug|Any CPU.Build.0 = Debug|Any CPU
		{00D1CF4C-1B99-4E18-A32A-7A68FD151AE3}.Release|Any CPU.ActiveCfg = Release|Any CPU
		{00D1CF4C-1B99-4E18-A32A-7A68FD151AE3}.Release|Any CPU.Build.0 = Release|Any CPU
	EndGlobalSection
	GlobalSection(SolutionProperties) = preSolution
		HideSolutionNode = FALSE
	EndGlobalSection
EndGlobal
