
Microsoft Visual Studio Solution File, Format Version 12.00
# Visual Studio 14
VisualStudioVersion = 14.0.23107.0
MinimumVisualStudioVersion = 10.0.40219.1
Project("{FAE04EC0-301F-11D3-BF4B-00C04F79EFBC}") = "Fibo", "Fibo\Fibo.csproj", "{64B9632B-E516-4A02-8CBE-05F955A66A7B}"
EndProject
Project("{FAE04EC0-301F-11D3-BF4B-00C04F79EFBC}") = "LongestIncSubsequence", "..\LongestIncSubsequence\LongestIncSubsequence.csproj", "{4496EB4A-80ED-4460-80FA-F8AF36B7C7FB}"
EndProject
Project("{FAE04EC0-301F-11D3-BF4B-00C04F79EFBC}") = "LongestCommSubsequence", "..\LongestCommSubsequence\LongestCommSubsequence.csproj", "{1ED5DC3D-DEBD-4B6E-A64B-2E6A0D680C39}"
EndProject
Global
	GlobalSection(SolutionConfigurationPlatforms) = preSolution
		Debug|Any CPU = Debug|Any CPU
		Release|Any CPU = Release|Any CPU
	EndGlobalSection
	GlobalSection(ProjectConfigurationPlatforms) = postSolution
		{64B9632B-E516-4A02-8CBE-05F955A66A7B}.Debug|Any CPU.ActiveCfg = Debug|Any CPU
		{64B9632B-E516-4A02-8CBE-05F955A66A7B}.Debug|Any CPU.Build.0 = Debug|Any CPU
		{64B9632B-E516-4A02-8CBE-05F955A66A7B}.Release|Any CPU.ActiveCfg = Release|Any CPU
		{64B9632B-E516-4A02-8CBE-05F955A66A7B}.Release|Any CPU.Build.0 = Release|Any CPU
		{4496EB4A-80ED-4460-80FA-F8AF36B7C7FB}.Debug|Any CPU.ActiveCfg = Debug|Any CPU
		{4496EB4A-80ED-4460-80FA-F8AF36B7C7FB}.Debug|Any CPU.Build.0 = Debug|Any CPU
		{4496EB4A-80ED-4460-80FA-F8AF36B7C7FB}.Release|Any CPU.ActiveCfg = Release|Any CPU
		{4496EB4A-80ED-4460-80FA-F8AF36B7C7FB}.Release|Any CPU.Build.0 = Release|Any CPU
		{1ED5DC3D-DEBD-4B6E-A64B-2E6A0D680C39}.Debug|Any CPU.ActiveCfg = Debug|Any CPU
		{1ED5DC3D-DEBD-4B6E-A64B-2E6A0D680C39}.Debug|Any CPU.Build.0 = Debug|Any CPU
		{1ED5DC3D-DEBD-4B6E-A64B-2E6A0D680C39}.Release|Any CPU.ActiveCfg = Release|Any CPU
		{1ED5DC3D-DEBD-4B6E-A64B-2E6A0D680C39}.Release|Any CPU.Build.0 = Release|Any CPU
	EndGlobalSection
	GlobalSection(SolutionProperties) = preSolution
		HideSolutionNode = FALSE
	EndGlobalSection
EndGlobal
